
Microsoft Visual Studio Solution File, Format Version 12.00
# Visual Studio Version 16
VisualStudioVersion = 16.0.33027.164
MinimumVisualStudioVersion = 10.0.40219.1
Project("{FAE04EC0-301F-11D3-BF4B-00C04F79EFBC}") = "StringTag", "StringTag\StringTag.csproj", "{10D09DB3-4FA8-4321-9805-75C872D2290E}"
EndProject
Global
	GlobalSection(SolutionConfigurationPlatforms) = preSolution
		Debug|Any CPU = Debug|Any CPU
		Release|Any CPU = Release|Any CPU
	EndGlobalSection
	GlobalSection(ProjectConfigurationPlatforms) = postSolution
		{10D09DB3-4FA8-4321-9805-75C872D2290E}.Debug|Any CPU.ActiveCfg = Debug|Any CPU
		{10D09DB3-4FA8-4321-9805-75C872D2290E}.Debug|Any CPU.Build.0 = Debug|Any CPU
		{10D09DB3-4FA8-4321-9805-75C872D2290E}.Release|Any CPU.ActiveCfg = Release|Any CPU
		{10D09DB3-4FA8-4321-9805-75C872D2290E}.Release|Any CPU.Build.0 = Release|Any CPU
	EndGlobalSection
	GlobalSection(SolutionProperties) = preSolution
		HideSolutionNode = FALSE
	EndGlobalSection
	GlobalSection(ExtensibilityGlobals) = postSolution
		SolutionGuid = {14EAD445-BEDF-4171-9E9D-C8B36417D28C}
	EndGlobalSection
EndGlobal
